// !$*UTF8*$!
{
	archiveVersion = 1;
	classes = {
	};
	objectVersion = 56;
	objects = {

/* Begin PBXBuildFile section */
		3E237CD92BC6982D001C538D /* UIFont+Extension.swift in Sources */ = {isa = PBXBuildFile; fileRef = 3E237CD82BC6982D001C538D /* UIFont+Extension.swift */; };
		3E237CE42BC69975001C538D /* Pretendard-Regular.otf in Resources */ = {isa = PBXBuildFile; fileRef = 3E237CDB2BC69974001C538D /* Pretendard-Regular.otf */; };
		3E237CE52BC69975001C538D /* Pretendard-ExtraLight.otf in Resources */ = {isa = PBXBuildFile; fileRef = 3E237CDC2BC69974001C538D /* Pretendard-ExtraLight.otf */; };
		3E237CE62BC69975001C538D /* Pretendard-ExtraBold.otf in Resources */ = {isa = PBXBuildFile; fileRef = 3E237CDD2BC69974001C538D /* Pretendard-ExtraBold.otf */; };
		3E237CE72BC69975001C538D /* Pretendard-SemiBold.otf in Resources */ = {isa = PBXBuildFile; fileRef = 3E237CDE2BC69975001C538D /* Pretendard-SemiBold.otf */; };
		3E237CE82BC69975001C538D /* Pretendard-Thin.otf in Resources */ = {isa = PBXBuildFile; fileRef = 3E237CDF2BC69975001C538D /* Pretendard-Thin.otf */; };
		3E237CE92BC69975001C538D /* Pretendard-Medium.otf in Resources */ = {isa = PBXBuildFile; fileRef = 3E237CE02BC69975001C538D /* Pretendard-Medium.otf */; };
		3E237CEA2BC69975001C538D /* Pretendard-Bold.otf in Resources */ = {isa = PBXBuildFile; fileRef = 3E237CE12BC69975001C538D /* Pretendard-Bold.otf */; };
		3E237CEB2BC69975001C538D /* Pretendard-Light.otf in Resources */ = {isa = PBXBuildFile; fileRef = 3E237CE22BC69975001C538D /* Pretendard-Light.otf */; };
		3E237CEC2BC69975001C538D /* Pretendard-Black.otf in Resources */ = {isa = PBXBuildFile; fileRef = 3E237CE32BC69975001C538D /* Pretendard-Black.otf */; };
		3E35856F2BC37D74001934A5 /* AppDelegate.swift in Sources */ = {isa = PBXBuildFile; fileRef = 3E35856E2BC37D74001934A5 /* AppDelegate.swift */; };
		3E3585712BC37D74001934A5 /* SceneDelegate.swift in Sources */ = {isa = PBXBuildFile; fileRef = 3E3585702BC37D74001934A5 /* SceneDelegate.swift */; };
		3E3585762BC37D74001934A5 /* Base in Resources */ = {isa = PBXBuildFile; fileRef = 3E3585752BC37D74001934A5 /* Base */; };
		3E3585782BC37D75001934A5 /* Assets.xcassets in Resources */ = {isa = PBXBuildFile; fileRef = 3E3585772BC37D75001934A5 /* Assets.xcassets */; };
		3E35857B2BC37D75001934A5 /* Base in Resources */ = {isa = PBXBuildFile; fileRef = 3E35857A2BC37D75001934A5 /* Base */; };
		3E35858B2BC380B2001934A5 /* SubwayMainViewController.swift in Sources */ = {isa = PBXBuildFile; fileRef = 3E35858A2BC380B2001934A5 /* SubwayMainViewController.swift */; };
		3E35858D2BC382A3001934A5 /* BusMainViewController.swift in Sources */ = {isa = PBXBuildFile; fileRef = 3E35858C2BC382A3001934A5 /* BusMainViewController.swift */; };
		3E35858F2BC3831C001934A5 /* BookmarkMainViewController.swift in Sources */ = {isa = PBXBuildFile; fileRef = 3E35858E2BC3831C001934A5 /* BookmarkMainViewController.swift */; };
		3E3585952BC39521001934A5 /* Constant.swift in Sources */ = {isa = PBXBuildFile; fileRef = 3E3585942BC39521001934A5 /* Constant.swift */; };
		3E3585972BC39535001934A5 /* UIViewController+Extension.swift in Sources */ = {isa = PBXBuildFile; fileRef = 3E3585962BC39535001934A5 /* UIViewController+Extension.swift */; };
		3E3585992BC397DC001934A5 /* MainTabBarController.swift in Sources */ = {isa = PBXBuildFile; fileRef = 3E3585982BC397DC001934A5 /* MainTabBarController.swift */; };
		3E35859D2BC3BA15001934A5 /* TestModel.swift in Sources */ = {isa = PBXBuildFile; fileRef = 3E35859C2BC3BA15001934A5 /* TestModel.swift */; };
		3E9284CD2BC7A4CD00B182D5 /* LocationManager.swift in Sources */ = {isa = PBXBuildFile; fileRef = 3E9284CC2BC7A4CD00B182D5 /* LocationManager.swift */; };
		3EA06AA32BC783F10022489A /* UIColor+Extension.swift in Sources */ = {isa = PBXBuildFile; fileRef = 3EA06AA22BC783F10022489A /* UIColor+Extension.swift */; };
		8F8FBDE92BC98C42007A0A13 /* BusStationSearchResult.swift in Sources */ = {isa = PBXBuildFile; fileRef = 8F8FBDE82BC98C42007A0A13 /* BusStationSearchResult.swift */; };
		8F8FBDEB2BC98C65007A0A13 /* SubwayStationSearchResult.swift in Sources */ = {isa = PBXBuildFile; fileRef = 8F8FBDEA2BC98C64007A0A13 /* SubwayStationSearchResult.swift */; };
		8F8FBDED2BC98CD4007A0A13 /* NearbyBusStationSearchResult.swift in Sources */ = {isa = PBXBuildFile; fileRef = 8F8FBDEC2BC98CD4007A0A13 /* NearbyBusStationSearchResult.swift */; };
		8F8FBDEF2BC98CF3007A0A13 /* NearbySubwayStationSearchResult.swift in Sources */ = {isa = PBXBuildFile; fileRef = 8F8FBDEE2BC98CF3007A0A13 /* NearbySubwayStationSearchResult.swift */; };
		8F8FBDF22BC98E4B007A0A13 /* Alamofire in Frameworks */ = {isa = PBXBuildFile; productRef = 8F8FBDF12BC98E4B007A0A13 /* Alamofire */; };
		8F8FBDF42BC98E4B007A0A13 /* AlamofireDynamic in Frameworks */ = {isa = PBXBuildFile; productRef = 8F8FBDF32BC98E4B007A0A13 /* AlamofireDynamic */; };
		8F8FBDF82BC9924A007A0A13 /* NetworkManager.swift in Sources */ = {isa = PBXBuildFile; fileRef = 8F8FBDF72BC9924A007A0A13 /* NetworkManager.swift */; };
		8F8FBDFA2BC99336007A0A13 /* ResponseManager.swift in Sources */ = {isa = PBXBuildFile; fileRef = 8F8FBDF92BC99336007A0A13 /* ResponseManager.swift */; };
/* End PBXBuildFile section */

/* Begin PBXFileReference section */
		3E237CD82BC6982D001C538D /* UIFont+Extension.swift */ = {isa = PBXFileReference; lastKnownFileType = sourcecode.swift; path = "UIFont+Extension.swift"; sourceTree = "<group>"; };
		3E237CDB2BC69974001C538D /* Pretendard-Regular.otf */ = {isa = PBXFileReference; lastKnownFileType = file; path = "Pretendard-Regular.otf"; sourceTree = "<group>"; };
		3E237CDC2BC69974001C538D /* Pretendard-ExtraLight.otf */ = {isa = PBXFileReference; lastKnownFileType = file; path = "Pretendard-ExtraLight.otf"; sourceTree = "<group>"; };
		3E237CDD2BC69974001C538D /* Pretendard-ExtraBold.otf */ = {isa = PBXFileReference; lastKnownFileType = file; path = "Pretendard-ExtraBold.otf"; sourceTree = "<group>"; };
		3E237CDE2BC69975001C538D /* Pretendard-SemiBold.otf */ = {isa = PBXFileReference; lastKnownFileType = file; path = "Pretendard-SemiBold.otf"; sourceTree = "<group>"; };
		3E237CDF2BC69975001C538D /* Pretendard-Thin.otf */ = {isa = PBXFileReference; lastKnownFileType = file; path = "Pretendard-Thin.otf"; sourceTree = "<group>"; };
		3E237CE02BC69975001C538D /* Pretendard-Medium.otf */ = {isa = PBXFileReference; lastKnownFileType = file; path = "Pretendard-Medium.otf"; sourceTree = "<group>"; };
		3E237CE12BC69975001C538D /* Pretendard-Bold.otf */ = {isa = PBXFileReference; lastKnownFileType = file; path = "Pretendard-Bold.otf"; sourceTree = "<group>"; };
		3E237CE22BC69975001C538D /* Pretendard-Light.otf */ = {isa = PBXFileReference; lastKnownFileType = file; path = "Pretendard-Light.otf"; sourceTree = "<group>"; };
		3E237CE32BC69975001C538D /* Pretendard-Black.otf */ = {isa = PBXFileReference; lastKnownFileType = file; path = "Pretendard-Black.otf"; sourceTree = "<group>"; };
		3E35856B2BC37D74001934A5 /* SSUBS.app */ = {isa = PBXFileReference; explicitFileType = wrapper.application; includeInIndex = 0; path = SSUBS.app; sourceTree = BUILT_PRODUCTS_DIR; };
		3E35856E2BC37D74001934A5 /* AppDelegate.swift */ = {isa = PBXFileReference; lastKnownFileType = sourcecode.swift; path = AppDelegate.swift; sourceTree = "<group>"; };
		3E3585702BC37D74001934A5 /* SceneDelegate.swift */ = {isa = PBXFileReference; lastKnownFileType = sourcecode.swift; path = SceneDelegate.swift; sourceTree = "<group>"; };
		3E3585752BC37D74001934A5 /* Base */ = {isa = PBXFileReference; lastKnownFileType = file.storyboard; name = Base; path = Base.lproj/Main.storyboard; sourceTree = "<group>"; };
		3E3585772BC37D75001934A5 /* Assets.xcassets */ = {isa = PBXFileReference; lastKnownFileType = folder.assetcatalog; path = Assets.xcassets; sourceTree = "<group>"; };
		3E35857A2BC37D75001934A5 /* Base */ = {isa = PBXFileReference; lastKnownFileType = file.storyboard; name = Base; path = Base.lproj/LaunchScreen.storyboard; sourceTree = "<group>"; };
		3E35857C2BC37D75001934A5 /* Info.plist */ = {isa = PBXFileReference; lastKnownFileType = text.plist.xml; path = Info.plist; sourceTree = "<group>"; };
		3E35858A2BC380B2001934A5 /* SubwayMainViewController.swift */ = {isa = PBXFileReference; lastKnownFileType = sourcecode.swift; path = SubwayMainViewController.swift; sourceTree = "<group>"; };
		3E35858C2BC382A3001934A5 /* BusMainViewController.swift */ = {isa = PBXFileReference; lastKnownFileType = sourcecode.swift; path = BusMainViewController.swift; sourceTree = "<group>"; };
		3E35858E2BC3831C001934A5 /* BookmarkMainViewController.swift */ = {isa = PBXFileReference; lastKnownFileType = sourcecode.swift; path = BookmarkMainViewController.swift; sourceTree = "<group>"; };
		3E3585912BC39192001934A5 /* secret.xcconfig */ = {isa = PBXFileReference; lastKnownFileType = text.xcconfig; path = secret.xcconfig; sourceTree = "<group>"; };
		3E3585942BC39521001934A5 /* Constant.swift */ = {isa = PBXFileReference; lastKnownFileType = sourcecode.swift; path = Constant.swift; sourceTree = "<group>"; };
		3E3585962BC39535001934A5 /* UIViewController+Extension.swift */ = {isa = PBXFileReference; lastKnownFileType = sourcecode.swift; path = "UIViewController+Extension.swift"; sourceTree = "<group>"; };
		3E3585982BC397DC001934A5 /* MainTabBarController.swift */ = {isa = PBXFileReference; lastKnownFileType = sourcecode.swift; path = MainTabBarController.swift; sourceTree = "<group>"; };
		3E35859C2BC3BA15001934A5 /* TestModel.swift */ = {isa = PBXFileReference; lastKnownFileType = sourcecode.swift; path = TestModel.swift; sourceTree = "<group>"; };
		3E9284CC2BC7A4CD00B182D5 /* LocationManager.swift */ = {isa = PBXFileReference; lastKnownFileType = sourcecode.swift; path = LocationManager.swift; sourceTree = "<group>"; };
		3EA06AA22BC783F10022489A /* UIColor+Extension.swift */ = {isa = PBXFileReference; lastKnownFileType = sourcecode.swift; path = "UIColor+Extension.swift"; sourceTree = "<group>"; };
		8F8FBDE82BC98C42007A0A13 /* BusStationSearchResult.swift */ = {isa = PBXFileReference; lastKnownFileType = sourcecode.swift; path = BusStationSearchResult.swift; sourceTree = "<group>"; };
		8F8FBDEA2BC98C64007A0A13 /* SubwayStationSearchResult.swift */ = {isa = PBXFileReference; lastKnownFileType = sourcecode.swift; path = SubwayStationSearchResult.swift; sourceTree = "<group>"; };
		8F8FBDEC2BC98CD4007A0A13 /* NearbyBusStationSearchResult.swift */ = {isa = PBXFileReference; lastKnownFileType = sourcecode.swift; path = NearbyBusStationSearchResult.swift; sourceTree = "<group>"; };
		8F8FBDEE2BC98CF3007A0A13 /* NearbySubwayStationSearchResult.swift */ = {isa = PBXFileReference; lastKnownFileType = sourcecode.swift; path = NearbySubwayStationSearchResult.swift; sourceTree = "<group>"; };
		8F8FBDF72BC9924A007A0A13 /* NetworkManager.swift */ = {isa = PBXFileReference; lastKnownFileType = sourcecode.swift; path = NetworkManager.swift; sourceTree = "<group>"; };
		8F8FBDF92BC99336007A0A13 /* ResponseManager.swift */ = {isa = PBXFileReference; lastKnownFileType = sourcecode.swift; path = ResponseManager.swift; sourceTree = "<group>"; };
/* End PBXFileReference section */

/* Begin PBXFrameworksBuildPhase section */
		3E3585682BC37D74001934A5 /* Frameworks */ = {
			isa = PBXFrameworksBuildPhase;
			buildActionMask = 2147483647;
			files = (
				8F8FBDF22BC98E4B007A0A13 /* Alamofire in Frameworks */,
				8F8FBDF42BC98E4B007A0A13 /* AlamofireDynamic in Frameworks */,
			);
			runOnlyForDeploymentPostprocessing = 0;
		};
/* End PBXFrameworksBuildPhase section */

/* Begin PBXGroup section */
		3E237CDA2BC69850001C538D /* Fonts */ = {
			isa = PBXGroup;
			children = (
				3E237CE32BC69975001C538D /* Pretendard-Black.otf */,
				3E237CE12BC69975001C538D /* Pretendard-Bold.otf */,
				3E237CDD2BC69974001C538D /* Pretendard-ExtraBold.otf */,
				3E237CDC2BC69974001C538D /* Pretendard-ExtraLight.otf */,
				3E237CE22BC69975001C538D /* Pretendard-Light.otf */,
				3E237CE02BC69975001C538D /* Pretendard-Medium.otf */,
				3E237CDB2BC69974001C538D /* Pretendard-Regular.otf */,
				3E237CDE2BC69975001C538D /* Pretendard-SemiBold.otf */,
				3E237CDF2BC69975001C538D /* Pretendard-Thin.otf */,
			);
			path = Fonts;
			sourceTree = "<group>";
		};
		3E3585622BC37D74001934A5 = {
			isa = PBXGroup;
			children = (
				3E35856D2BC37D74001934A5 /* SSUBS */,
				3E35856C2BC37D74001934A5 /* Products */,
			);
			sourceTree = "<group>";
		};
		3E35856C2BC37D74001934A5 /* Products */ = {
			isa = PBXGroup;
			children = (
				3E35856B2BC37D74001934A5 /* SSUBS.app */,
			);
			name = Products;
			sourceTree = "<group>";
		};
		3E35856D2BC37D74001934A5 /* SSUBS */ = {
			isa = PBXGroup;
			children = (
				3E3585842BC37F69001934A5 /* Sources */,
				3E3585832BC37F54001934A5 /* Resources */,
			);
			path = SSUBS;
			sourceTree = "<group>";
		};
		3E3585822BC37F46001934A5 /* Application */ = {
			isa = PBXGroup;
			children = (
				3E3585702BC37D74001934A5 /* SceneDelegate.swift */,
				3E35856E2BC37D74001934A5 /* AppDelegate.swift */,
			);
			path = Application;
			sourceTree = "<group>";
		};
		3E3585832BC37F54001934A5 /* Resources */ = {
			isa = PBXGroup;
			children = (
				3E237CDA2BC69850001C538D /* Fonts */,
				3E3585862BC37F7D001934A5 /* SupportFiles */,
				3E3585852BC37F72001934A5 /* Storyboard */,
			);
			path = Resources;
			sourceTree = "<group>";
		};
		3E3585842BC37F69001934A5 /* Sources */ = {
			isa = PBXGroup;
			children = (
				3E9284CB2BC7A4BD00B182D5 /* Services */,
				3E35859B2BC3B732001934A5 /* Models */,
				3E3585822BC37F46001934A5 /* Application */,
				3E35859A2BC397F0001934A5 /* MainView */,
				3E3585872BC37FB0001934A5 /* BookMarkView */,
				3E3585882BC37FDC001934A5 /* BusView */,
				3E3585892BC37FF6001934A5 /* SubwayView */,
				3E3585932BC394FD001934A5 /* Extensions */,
				3E3585922BC394EF001934A5 /* Utils */,
			);
			path = Sources;
			sourceTree = "<group>";
		};
		3E3585852BC37F72001934A5 /* Storyboard */ = {
			isa = PBXGroup;
			children = (
				3E3585742BC37D74001934A5 /* Main.storyboard */,
				3E3585792BC37D75001934A5 /* LaunchScreen.storyboard */,
			);
			path = Storyboard;
			sourceTree = "<group>";
		};
		3E3585862BC37F7D001934A5 /* SupportFiles */ = {
			isa = PBXGroup;
			children = (
				3E3585912BC39192001934A5 /* secret.xcconfig */,
				3E3585772BC37D75001934A5 /* Assets.xcassets */,
				3E35857C2BC37D75001934A5 /* Info.plist */,
			);
			path = SupportFiles;
			sourceTree = "<group>";
		};
		3E3585872BC37FB0001934A5 /* BookMarkView */ = {
			isa = PBXGroup;
			children = (
				3E35858E2BC3831C001934A5 /* BookmarkMainViewController.swift */,
			);
			path = BookMarkView;
			sourceTree = "<group>";
		};
		3E3585882BC37FDC001934A5 /* BusView */ = {
			isa = PBXGroup;
			children = (
				3E35858C2BC382A3001934A5 /* BusMainViewController.swift */,
			);
			path = BusView;
			sourceTree = "<group>";
		};
		3E3585892BC37FF6001934A5 /* SubwayView */ = {
			isa = PBXGroup;
			children = (
				3E35858A2BC380B2001934A5 /* SubwayMainViewController.swift */,
			);
			path = SubwayView;
			sourceTree = "<group>";
		};
		3E3585922BC394EF001934A5 /* Utils */ = {
			isa = PBXGroup;
			children = (
				3E3585942BC39521001934A5 /* Constant.swift */,
			);
			path = Utils;
			sourceTree = "<group>";
		};
		3E3585932BC394FD001934A5 /* Extensions */ = {
			isa = PBXGroup;
			children = (
				3E3585962BC39535001934A5 /* UIViewController+Extension.swift */,
				3E237CD82BC6982D001C538D /* UIFont+Extension.swift */,
				3EA06AA22BC783F10022489A /* UIColor+Extension.swift */,
			);
			path = Extensions;
			sourceTree = "<group>";
		};
		3E35859A2BC397F0001934A5 /* MainView */ = {
			isa = PBXGroup;
			children = (
				3E3585982BC397DC001934A5 /* MainTabBarController.swift */,
			);
			path = MainView;
			sourceTree = "<group>";
		};
		3E35859B2BC3B732001934A5 /* Models */ = {
			isa = PBXGroup;
			children = (
				3E35859C2BC3BA15001934A5 /* TestModel.swift */,
				8F8FBDE82BC98C42007A0A13 /* BusStationSearchResult.swift */,
				8F8FBDEA2BC98C64007A0A13 /* SubwayStationSearchResult.swift */,
				8F8FBDEC2BC98CD4007A0A13 /* NearbyBusStationSearchResult.swift */,
				8F8FBDEE2BC98CF3007A0A13 /* NearbySubwayStationSearchResult.swift */,
			);
			path = Models;
			sourceTree = "<group>";
		};
		3E9284CB2BC7A4BD00B182D5 /* Services */ = {
			isa = PBXGroup;
			children = (
				3E9284CC2BC7A4CD00B182D5 /* LocationManager.swift */,
				8F8FBDF72BC9924A007A0A13 /* NetworkManager.swift */,
				8F8FBDF92BC99336007A0A13 /* ResponseManager.swift */,
			);
			path = Services;
			sourceTree = "<group>";
		};
/* End PBXGroup section */

/* Begin PBXNativeTarget section */
		3E35856A2BC37D74001934A5 /* SSUBS */ = {
			isa = PBXNativeTarget;
			buildConfigurationList = 3E35857F2BC37D75001934A5 /* Build configuration list for PBXNativeTarget "SSUBS" */;
			buildPhases = (
				3E3585672BC37D74001934A5 /* Sources */,
				3E3585682BC37D74001934A5 /* Frameworks */,
				3E3585692BC37D74001934A5 /* Resources */,
			);
			buildRules = (
			);
			dependencies = (
			);
			name = SSUBS;
			packageProductDependencies = (
				8F8FBDF12BC98E4B007A0A13 /* Alamofire */,
				8F8FBDF32BC98E4B007A0A13 /* AlamofireDynamic */,
			);
			productName = SSUBS;
			productReference = 3E35856B2BC37D74001934A5 /* SSUBS.app */;
			productType = "com.apple.product-type.application";
		};
/* End PBXNativeTarget section */

/* Begin PBXProject section */
		3E3585632BC37D74001934A5 /* Project object */ = {
			isa = PBXProject;
			attributes = {
				BuildIndependentTargetsInParallel = 1;
				LastSwiftUpdateCheck = 1530;
				LastUpgradeCheck = 1530;
				TargetAttributes = {
					3E35856A2BC37D74001934A5 = {
						CreatedOnToolsVersion = 15.3;
					};
				};
			};
			buildConfigurationList = 3E3585662BC37D74001934A5 /* Build configuration list for PBXProject "SSUBS" */;
			compatibilityVersion = "Xcode 14.0";
			developmentRegion = en;
			hasScannedForEncodings = 0;
			knownRegions = (
				en,
				Base,
			);
			mainGroup = 3E3585622BC37D74001934A5;
			packageReferences = (
				8F8FBDF02BC98E4B007A0A13 /* XCRemoteSwiftPackageReference "Alamofire" */,
			);
			productRefGroup = 3E35856C2BC37D74001934A5 /* Products */;
			projectDirPath = "";
			projectRoot = "";
			targets = (
				3E35856A2BC37D74001934A5 /* SSUBS */,
			);
		};
/* End PBXProject section */

/* Begin PBXResourcesBuildPhase section */
		3E3585692BC37D74001934A5 /* Resources */ = {
			isa = PBXResourcesBuildPhase;
			buildActionMask = 2147483647;
			files = (
				3E3585782BC37D75001934A5 /* Assets.xcassets in Resources */,
				3E237CEA2BC69975001C538D /* Pretendard-Bold.otf in Resources */,
				3E237CE42BC69975001C538D /* Pretendard-Regular.otf in Resources */,
				3E237CE72BC69975001C538D /* Pretendard-SemiBold.otf in Resources */,
				3E237CE82BC69975001C538D /* Pretendard-Thin.otf in Resources */,
				3E237CEB2BC69975001C538D /* Pretendard-Light.otf in Resources */,
				3E237CE62BC69975001C538D /* Pretendard-ExtraBold.otf in Resources */,
				3E237CE52BC69975001C538D /* Pretendard-ExtraLight.otf in Resources */,
				3E35857B2BC37D75001934A5 /* Base in Resources */,
				3E3585762BC37D74001934A5 /* Base in Resources */,
				3E237CEC2BC69975001C538D /* Pretendard-Black.otf in Resources */,
				3E237CE92BC69975001C538D /* Pretendard-Medium.otf in Resources */,
			);
			runOnlyForDeploymentPostprocessing = 0;
		};
/* End PBXResourcesBuildPhase section */

/* Begin PBXSourcesBuildPhase section */
		3E3585672BC37D74001934A5 /* Sources */ = {
			isa = PBXSourcesBuildPhase;
			buildActionMask = 2147483647;
			files = (
				8F8FBDF82BC9924A007A0A13 /* NetworkManager.swift in Sources */,
				3E35858D2BC382A3001934A5 /* BusMainViewController.swift in Sources */,
				3E35858F2BC3831C001934A5 /* BookmarkMainViewController.swift in Sources */,
				3E3585992BC397DC001934A5 /* MainTabBarController.swift in Sources */,
				8F8FBDEF2BC98CF3007A0A13 /* NearbySubwayStationSearchResult.swift in Sources */,
				3EA06AA32BC783F10022489A /* UIColor+Extension.swift in Sources */,
				8F8FBDEB2BC98C65007A0A13 /* SubwayStationSearchResult.swift in Sources */,
				3E35859D2BC3BA15001934A5 /* TestModel.swift in Sources */,
				8F8FBDE92BC98C42007A0A13 /* BusStationSearchResult.swift in Sources */,
				3E35858B2BC380B2001934A5 /* SubwayMainViewController.swift in Sources */,
				3E35856F2BC37D74001934A5 /* AppDelegate.swift in Sources */,
				3E3585972BC39535001934A5 /* UIViewController+Extension.swift in Sources */,
				3E9284CD2BC7A4CD00B182D5 /* LocationManager.swift in Sources */,
				3E3585712BC37D74001934A5 /* SceneDelegate.swift in Sources */,
				3E237CD92BC6982D001C538D /* UIFont+Extension.swift in Sources */,
				3E3585952BC39521001934A5 /* Constant.swift in Sources */,
				8F8FBDFA2BC99336007A0A13 /* ResponseManager.swift in Sources */,
				8F8FBDED2BC98CD4007A0A13 /* NearbyBusStationSearchResult.swift in Sources */,
			);
			runOnlyForDeploymentPostprocessing = 0;
		};
/* End PBXSourcesBuildPhase section */

/* Begin PBXVariantGroup section */
		3E3585742BC37D74001934A5 /* Main.storyboard */ = {
			isa = PBXVariantGroup;
			children = (
				3E3585752BC37D74001934A5 /* Base */,
			);
			name = Main.storyboard;
			sourceTree = "<group>";
		};
		3E3585792BC37D75001934A5 /* LaunchScreen.storyboard */ = {
			isa = PBXVariantGroup;
			children = (
				3E35857A2BC37D75001934A5 /* Base */,
			);
			name = LaunchScreen.storyboard;
			sourceTree = "<group>";
		};
/* End PBXVariantGroup section */

/* Begin XCBuildConfiguration section */
		3E35857D2BC37D75001934A5 /* Debug */ = {
			isa = XCBuildConfiguration;
			buildSettings = {
				ALWAYS_SEARCH_USER_PATHS = NO;
				ASSETCATALOG_COMPILER_GENERATE_SWIFT_ASSET_SYMBOL_EXTENSIONS = YES;
				CLANG_ANALYZER_NONNULL = YES;
				CLANG_ANALYZER_NUMBER_OBJECT_CONVERSION = YES_AGGRESSIVE;
				CLANG_CXX_LANGUAGE_STANDARD = "gnu++20";
				CLANG_ENABLE_MODULES = YES;
				CLANG_ENABLE_OBJC_ARC = YES;
				CLANG_ENABLE_OBJC_WEAK = YES;
				CLANG_WARN_BLOCK_CAPTURE_AUTORELEASING = YES;
				CLANG_WARN_BOOL_CONVERSION = YES;
				CLANG_WARN_COMMA = YES;
				CLANG_WARN_CONSTANT_CONVERSION = YES;
				CLANG_WARN_DEPRECATED_OBJC_IMPLEMENTATIONS = YES;
				CLANG_WARN_DIRECT_OBJC_ISA_USAGE = YES_ERROR;
				CLANG_WARN_DOCUMENTATION_COMMENTS = YES;
				CLANG_WARN_EMPTY_BODY = YES;
				CLANG_WARN_ENUM_CONVERSION = YES;
				CLANG_WARN_INFINITE_RECURSION = YES;
				CLANG_WARN_INT_CONVERSION = YES;
				CLANG_WARN_NON_LITERAL_NULL_CONVERSION = YES;
				CLANG_WARN_OBJC_IMPLICIT_RETAIN_SELF = YES;
				CLANG_WARN_OBJC_LITERAL_CONVERSION = YES;
				CLANG_WARN_OBJC_ROOT_CLASS = YES_ERROR;
				CLANG_WARN_QUOTED_INCLUDE_IN_FRAMEWORK_HEADER = YES;
				CLANG_WARN_RANGE_LOOP_ANALYSIS = YES;
				CLANG_WARN_STRICT_PROTOTYPES = YES;
				CLANG_WARN_SUSPICIOUS_MOVE = YES;
				CLANG_WARN_UNGUARDED_AVAILABILITY = YES_AGGRESSIVE;
				CLANG_WARN_UNREACHABLE_CODE = YES;
				CLANG_WARN__DUPLICATE_METHOD_MATCH = YES;
				COPY_PHASE_STRIP = NO;
				DEBUG_INFORMATION_FORMAT = dwarf;
				ENABLE_STRICT_OBJC_MSGSEND = YES;
				ENABLE_TESTABILITY = YES;
				ENABLE_USER_SCRIPT_SANDBOXING = YES;
				GCC_C_LANGUAGE_STANDARD = gnu17;
				GCC_DYNAMIC_NO_PIC = NO;
				GCC_NO_COMMON_BLOCKS = YES;
				GCC_OPTIMIZATION_LEVEL = 0;
				GCC_PREPROCESSOR_DEFINITIONS = (
					"DEBUG=1",
					"$(inherited)",
				);
				GCC_WARN_64_TO_32_BIT_CONVERSION = YES;
				GCC_WARN_ABOUT_RETURN_TYPE = YES_ERROR;
				GCC_WARN_UNDECLARED_SELECTOR = YES;
				GCC_WARN_UNINITIALIZED_AUTOS = YES_AGGRESSIVE;
				GCC_WARN_UNUSED_FUNCTION = YES;
				GCC_WARN_UNUSED_VARIABLE = YES;
				IPHONEOS_DEPLOYMENT_TARGET = 17.4;
				LOCALIZATION_PREFERS_STRING_CATALOGS = YES;
				MTL_ENABLE_DEBUG_INFO = INCLUDE_SOURCE;
				MTL_FAST_MATH = YES;
				ONLY_ACTIVE_ARCH = YES;
				SDKROOT = iphoneos;
				SWIFT_ACTIVE_COMPILATION_CONDITIONS = "DEBUG $(inherited)";
				SWIFT_OPTIMIZATION_LEVEL = "-Onone";
			};
			name = Debug;
		};
		3E35857E2BC37D75001934A5 /* Release */ = {
			isa = XCBuildConfiguration;
			buildSettings = {
				ALWAYS_SEARCH_USER_PATHS = NO;
				ASSETCATALOG_COMPILER_GENERATE_SWIFT_ASSET_SYMBOL_EXTENSIONS = YES;
				CLANG_ANALYZER_NONNULL = YES;
				CLANG_ANALYZER_NUMBER_OBJECT_CONVERSION = YES_AGGRESSIVE;
				CLANG_CXX_LANGUAGE_STANDARD = "gnu++20";
				CLANG_ENABLE_MODULES = YES;
				CLANG_ENABLE_OBJC_ARC = YES;
				CLANG_ENABLE_OBJC_WEAK = YES;
				CLANG_WARN_BLOCK_CAPTURE_AUTORELEASING = YES;
				CLANG_WARN_BOOL_CONVERSION = YES;
				CLANG_WARN_COMMA = YES;
				CLANG_WARN_CONSTANT_CONVERSION = YES;
				CLANG_WARN_DEPRECATED_OBJC_IMPLEMENTATIONS = YES;
				CLANG_WARN_DIRECT_OBJC_ISA_USAGE = YES_ERROR;
				CLANG_WARN_DOCUMENTATION_COMMENTS = YES;
				CLANG_WARN_EMPTY_BODY = YES;
				CLANG_WARN_ENUM_CONVERSION = YES;
				CLANG_WARN_INFINITE_RECURSION = YES;
				CLANG_WARN_INT_CONVERSION = YES;
				CLANG_WARN_NON_LITERAL_NULL_CONVERSION = YES;
				CLANG_WARN_OBJC_IMPLICIT_RETAIN_SELF = YES;
				CLANG_WARN_OBJC_LITERAL_CONVERSION = YES;
				CLANG_WARN_OBJC_ROOT_CLASS = YES_ERROR;
				CLANG_WARN_QUOTED_INCLUDE_IN_FRAMEWORK_HEADER = YES;
				CLANG_WARN_RANGE_LOOP_ANALYSIS = YES;
				CLANG_WARN_STRICT_PROTOTYPES = YES;
				CLANG_WARN_SUSPICIOUS_MOVE = YES;
				CLANG_WARN_UNGUARDED_AVAILABILITY = YES_AGGRESSIVE;
				CLANG_WARN_UNREACHABLE_CODE = YES;
				CLANG_WARN__DUPLICATE_METHOD_MATCH = YES;
				COPY_PHASE_STRIP = NO;
				DEBUG_INFORMATION_FORMAT = "dwarf-with-dsym";
				ENABLE_NS_ASSERTIONS = NO;
				ENABLE_STRICT_OBJC_MSGSEND = YES;
				ENABLE_USER_SCRIPT_SANDBOXING = YES;
				GCC_C_LANGUAGE_STANDARD = gnu17;
				GCC_NO_COMMON_BLOCKS = YES;
				GCC_WARN_64_TO_32_BIT_CONVERSION = YES;
				GCC_WARN_ABOUT_RETURN_TYPE = YES_ERROR;
				GCC_WARN_UNDECLARED_SELECTOR = YES;
				GCC_WARN_UNINITIALIZED_AUTOS = YES_AGGRESSIVE;
				GCC_WARN_UNUSED_FUNCTION = YES;
				GCC_WARN_UNUSED_VARIABLE = YES;
				IPHONEOS_DEPLOYMENT_TARGET = 17.4;
				LOCALIZATION_PREFERS_STRING_CATALOGS = YES;
				MTL_ENABLE_DEBUG_INFO = NO;
				MTL_FAST_MATH = YES;
				SDKROOT = iphoneos;
				SWIFT_COMPILATION_MODE = wholemodule;
				VALIDATE_PRODUCT = YES;
			};
			name = Release;
		};
		3E3585802BC37D75001934A5 /* Debug */ = {
			isa = XCBuildConfiguration;
			baseConfigurationReference = 3E3585912BC39192001934A5 /* secret.xcconfig */;
			buildSettings = {
				ASSETCATALOG_COMPILER_APPICON_NAME = AppIcon;
				ASSETCATALOG_COMPILER_GLOBAL_ACCENT_COLOR_NAME = AccentColor;
				CODE_SIGN_STYLE = Automatic;
				CURRENT_PROJECT_VERSION = 1;
				DEVELOPMENT_TEAM = 62SDS28JUT;
				GENERATE_INFOPLIST_FILE = YES;
				INFOPLIST_FILE = SSUBS/Resources/SupportFiles/Info.plist;
				INFOPLIST_KEY_UIApplicationSupportsIndirectInputEvents = YES;
				INFOPLIST_KEY_UILaunchStoryboardName = LaunchScreen;
				INFOPLIST_KEY_UIMainStoryboardFile = Main;
				INFOPLIST_KEY_UISupportedInterfaceOrientations_iPad = "UIInterfaceOrientationPortrait UIInterfaceOrientationPortraitUpsideDown UIInterfaceOrientationLandscapeLeft UIInterfaceOrientationLandscapeRight";
				INFOPLIST_KEY_UISupportedInterfaceOrientations_iPhone = "UIInterfaceOrientationPortrait UIInterfaceOrientationLandscapeLeft UIInterfaceOrientationLandscapeRight";
				LD_RUNPATH_SEARCH_PATHS = (
					"$(inherited)",
					"@executable_path/Frameworks",
				);
				MARKETING_VERSION = 1.0;
				PRODUCT_BUNDLE_IDENTIFIER = org.kibwa.yeonios.SSUBS;
				PRODUCT_NAME = "$(TARGET_NAME)";
				SWIFT_EMIT_LOC_STRINGS = YES;
				SWIFT_VERSION = 5.0;
				TARGETED_DEVICE_FAMILY = "1,2";
			};
			name = Debug;
		};
		3E3585812BC37D75001934A5 /* Release */ = {
			isa = XCBuildConfiguration;
			buildSettings = {
				ASSETCATALOG_COMPILER_APPICON_NAME = AppIcon;
				ASSETCATALOG_COMPILER_GLOBAL_ACCENT_COLOR_NAME = AccentColor;
				CODE_SIGN_STYLE = Automatic;
				CURRENT_PROJECT_VERSION = 1;
				DEVELOPMENT_TEAM = 62SDS28JUT;
				GENERATE_INFOPLIST_FILE = YES;
				INFOPLIST_FILE = SSUBS/Resources/SupportFiles/Info.plist;
				INFOPLIST_KEY_UIApplicationSupportsIndirectInputEvents = YES;
				INFOPLIST_KEY_UILaunchStoryboardName = LaunchScreen;
				INFOPLIST_KEY_UIMainStoryboardFile = Main;
				INFOPLIST_KEY_UISupportedInterfaceOrientations_iPad = "UIInterfaceOrientationPortrait UIInterfaceOrientationPortraitUpsideDown UIInterfaceOrientationLandscapeLeft UIInterfaceOrientationLandscapeRight";
				INFOPLIST_KEY_UISupportedInterfaceOrientations_iPhone = "UIInterfaceOrientationPortrait UIInterfaceOrientationLandscapeLeft UIInterfaceOrientationLandscapeRight";
				LD_RUNPATH_SEARCH_PATHS = (
					"$(inherited)",
					"@executable_path/Frameworks",
				);
				MARKETING_VERSION = 1.0;
				PRODUCT_BUNDLE_IDENTIFIER = org.kibwa.yeonios.SSUBS;
				PRODUCT_NAME = "$(TARGET_NAME)";
				SWIFT_EMIT_LOC_STRINGS = YES;
				SWIFT_VERSION = 5.0;
				TARGETED_DEVICE_FAMILY = "1,2";
			};
			name = Release;
		};
/* End XCBuildConfiguration section */

/* Begin XCConfigurationList section */
		3E3585662BC37D74001934A5 /* Build configuration list for PBXProject "SSUBS" */ = {
			isa = XCConfigurationList;
			buildConfigurations = (
				3E35857D2BC37D75001934A5 /* Debug */,
				3E35857E2BC37D75001934A5 /* Release */,
			);
			defaultConfigurationIsVisible = 0;
			defaultConfigurationName = Release;
		};
		3E35857F2BC37D75001934A5 /* Build configuration list for PBXNativeTarget "SSUBS" */ = {
			isa = XCConfigurationList;
			buildConfigurations = (
				3E3585802BC37D75001934A5 /* Debug */,
				3E3585812BC37D75001934A5 /* Release */,
			);
			defaultConfigurationIsVisible = 0;
			defaultConfigurationName = Release;
		};
/* End XCConfigurationList section */

/* Begin XCRemoteSwiftPackageReference section */
		8F8FBDF02BC98E4B007A0A13 /* XCRemoteSwiftPackageReference "Alamofire" */ = {
			isa = XCRemoteSwiftPackageReference;
			repositoryURL = "https://github.com/Alamofire/Alamofire.git";
			requirement = {
				kind = upToNextMajorVersion;
				minimumVersion = 5.9.1;
			};
		};
/* End XCRemoteSwiftPackageReference section */

/* Begin XCSwiftPackageProductDependency section */
		8F8FBDF12BC98E4B007A0A13 /* Alamofire */ = {
			isa = XCSwiftPackageProductDependency;
			package = 8F8FBDF02BC98E4B007A0A13 /* XCRemoteSwiftPackageReference "Alamofire" */;
			productName = Alamofire;
		};
		8F8FBDF32BC98E4B007A0A13 /* AlamofireDynamic */ = {
			isa = XCSwiftPackageProductDependency;
			package = 8F8FBDF02BC98E4B007A0A13 /* XCRemoteSwiftPackageReference "Alamofire" */;
			productName = AlamofireDynamic;
		};
/* End XCSwiftPackageProductDependency section */
	};
	rootObject = 3E3585632BC37D74001934A5 /* Project object */;
}
